{
  "requires": true,
  "lockfileVersion": 1,
  "dependencies": {
    "@angular/animations": {
      "version": "8.2.10",
      "resolved": "https://registry.npmjs.org/@angular/animations/-/animations-8.2.10.tgz",
      "integrity": "sha512-JX3r3CC5yt4s+XevUPyqbKIdGFb8FxoDCjCHi2ujBVRRsZaSZK8STIZsy+l+WZUd7/7Qu8MYCw0vazZN0kNyDg==",
      "requires": {
        "tslib": "^1.9.0"
      }
    },
    "primeicons": {
      "version": "2.0.0",
      "resolved": "https://registry.npmjs.org/primeicons/-/primeicons-2.0.0.tgz",
      "integrity": "sha512-GJTCeMSQU8UU1GqbsaDrg/IH+b/vSinJQl52NVpdJ7sShYLZA8Eq6jLF48Ye3N/dQloGrE07i7XsZvxQ9pNbqg=="
    },
    "primeng": {
      "version": "8.0.4",
      "resolved": "https://registry.npmjs.org/primeng/-/primeng-8.0.4.tgz",
      "integrity": "sha512-yLgX3bqB6exgocMhMXm/mOEQmfsaSO6qw+FTb6WEEEPA9vmJ1YRktz8F5nyCWcRc59LzNEZ7n87Fwo8cjArQBQ=="
    },
    "tslib": {
      "version": "1.10.0",
      "resolved": "https://registry.npmjs.org/tslib/-/tslib-1.10.0.tgz",
      "integrity": "sha512-qOebF53frne81cf0S9B41ByenJ3/IuH8yJKngAX35CmiZySA0khhkovshKK+jGCaMnVomla7gVlIcc3EvKPbTQ=="
    }
  }
}
